
Microsoft Visual Studio Solution File, Format Version 12.00
# Visual Studio Version 17
VisualStudioVersion = 17.5.33414.496
MinimumVisualStudioVersion = 10.0.40219.1
Project("{FAE04EC0-301F-11D3-BF4B-00C04F79EFBC}") = "TvProgram", "TvProgram\TvProgram.csproj", "{CDFC294E-2722-494A-8E05-281B537ADA86}"
EndProject
Global
	GlobalSection(SolutionConfigurationPlatforms) = preSolution
		Debug|Any CPU = Debug|Any CPU
		Release|Any CPU = Release|Any CPU
	EndGlobalSection
	GlobalSection(ProjectConfigurationPlatforms) = postSolution
		{CDFC294E-2722-494A-8E05-281B537ADA86}.Debug|Any CPU.ActiveCfg = Debug|Any CPU
		{CDFC294E-2722-494A-8E05-281B537ADA86}.Debug|Any CPU.Build.0 = Debug|Any CPU
		{CDFC294E-2722-494A-8E05-281B537ADA86}.Release|Any CPU.ActiveCfg = Release|Any CPU
		{CDFC294E-2722-494A-8E05-281B537ADA86}.Release|Any CPU.Build.0 = Release|Any CPU
	EndGlobalSection
	GlobalSection(SolutionProperties) = preSolution
		HideSolutionNode = FALSE
	EndGlobalSection
	GlobalSection(ExtensibilityGlobals) = postSolution
		SolutionGuid = {D225FE63-2540-456A-B353-EC99BB741E00}
	EndGlobalSection
EndGlobal
