
Microsoft Visual Studio Solution File, Format Version 12.00
# Visual Studio Version 17
VisualStudioVersion = 17.5.33516.290
MinimumVisualStudioVersion = 10.0.40219.1
Project("{FAE04EC0-301F-11D3-BF4B-00C04F79EFBC}") = "FlyingBalls", "FlyingBalls\FlyingBalls.csproj", "{667E0D21-7A8D-4598-9BA0-5E9E8F812615}"
EndProject
Global
	GlobalSection(SolutionConfigurationPlatforms) = preSolution
		Debug|Any CPU = Debug|Any CPU
		Release|Any CPU = Release|Any CPU
	EndGlobalSection
	GlobalSection(ProjectConfigurationPlatforms) = postSolution
		{667E0D21-7A8D-4598-9BA0-5E9E8F812615}.Debug|Any CPU.ActiveCfg = Debug|Any CPU
		{667E0D21-7A8D-4598-9BA0-5E9E8F812615}.Debug|Any CPU.Build.0 = Debug|Any CPU
		{667E0D21-7A8D-4598-9BA0-5E9E8F812615}.Release|Any CPU.ActiveCfg = Release|Any CPU
		{667E0D21-7A8D-4598-9BA0-5E9E8F812615}.Release|Any CPU.Build.0 = Release|Any CPU
	EndGlobalSection
	GlobalSection(SolutionProperties) = preSolution
		HideSolutionNode = FALSE
	EndGlobalSection
	GlobalSection(ExtensibilityGlobals) = postSolution
		SolutionGuid = {0AC2B45F-2BB7-407D-89EF-F4E1A6F4DA1F}
	EndGlobalSection
EndGlobal
