
Microsoft Visual Studio Solution File, Format Version 12.00
# Visual Studio Version 17
VisualStudioVersion = 17.5.33414.496
MinimumVisualStudioVersion = 10.0.40219.1
Project("{FAE04EC0-301F-11D3-BF4B-00C04F79EFBC}") = "VremenskaPrognoza", "VremenskaPrognoza\VremenskaPrognoza.csproj", "{9FFA048A-C538-4F1F-A7F7-C0BB96A60DA1}"
EndProject
Global
	GlobalSection(SolutionConfigurationPlatforms) = preSolution
		Debug|Any CPU = Debug|Any CPU
		Release|Any CPU = Release|Any CPU
	EndGlobalSection
	GlobalSection(ProjectConfigurationPlatforms) = postSolution
		{9FFA048A-C538-4F1F-A7F7-C0BB96A60DA1}.Debug|Any CPU.ActiveCfg = Debug|Any CPU
		{9FFA048A-C538-4F1F-A7F7-C0BB96A60DA1}.Debug|Any CPU.Build.0 = Debug|Any CPU
		{9FFA048A-C538-4F1F-A7F7-C0BB96A60DA1}.Release|Any CPU.ActiveCfg = Release|Any CPU
		{9FFA048A-C538-4F1F-A7F7-C0BB96A60DA1}.Release|Any CPU.Build.0 = Release|Any CPU
	EndGlobalSection
	GlobalSection(SolutionProperties) = preSolution
		HideSolutionNode = FALSE
	EndGlobalSection
	GlobalSection(ExtensibilityGlobals) = postSolution
		SolutionGuid = {C475E82B-FBD5-4511-980A-2098AF0BA2B7}
	EndGlobalSection
EndGlobal
