
Microsoft Visual Studio Solution File, Format Version 12.00
# Visual Studio Version 17
VisualStudioVersion = 17.5.33516.290
MinimumVisualStudioVersion = 10.0.40219.1
Project("{FAE04EC0-301F-11D3-BF4B-00C04F79EFBC}") = "DrawingPolygons", "DrawingPolygons\DrawingPolygons.csproj", "{542E909F-8DC9-4172-A8A9-40914BC5B675}"
EndProject
Global
	GlobalSection(SolutionConfigurationPlatforms) = preSolution
		Debug|Any CPU = Debug|Any CPU
		Release|Any CPU = Release|Any CPU
	EndGlobalSection
	GlobalSection(ProjectConfigurationPlatforms) = postSolution
		{542E909F-8DC9-4172-A8A9-40914BC5B675}.Debug|Any CPU.ActiveCfg = Debug|Any CPU
		{542E909F-8DC9-4172-A8A9-40914BC5B675}.Debug|Any CPU.Build.0 = Debug|Any CPU
		{542E909F-8DC9-4172-A8A9-40914BC5B675}.Release|Any CPU.ActiveCfg = Release|Any CPU
		{542E909F-8DC9-4172-A8A9-40914BC5B675}.Release|Any CPU.Build.0 = Release|Any CPU
	EndGlobalSection
	GlobalSection(SolutionProperties) = preSolution
		HideSolutionNode = FALSE
	EndGlobalSection
	GlobalSection(ExtensibilityGlobals) = postSolution
		SolutionGuid = {656EED2E-05F4-4E1D-907A-92CB89E957EA}
	EndGlobalSection
EndGlobal
